
Microsoft Visual Studio Solution File, Format Version 12.00
# Visual Studio Version 17
VisualStudioVersion = 17.0.31903.59
MinimumVisualStudioVersion = 10.0.40219.1
Project("{2150E333-8FDC-42A3-9474-1A3956D46DE8}") = "src", "src", "{6151C349-CF9D-4C71-BA4B-46087CC314C0}"
EndProject
Project("{FAE04EC0-301F-11D3-BF4B-00C04F79EFBC}") = "FilmEHistoryReviewBackend.Core", "src\FilmEHistoryReviewBackend.Core\FilmEHistoryReviewBackend.Core.csproj", "{2A367566-2589-4920-B17B-7847EBCA79CF}"
EndProject
Project("{2150E333-8FDC-42A3-9474-1A3956D46DE8}") = "test", "test", "{5BC5F89B-6A74-4CF7-AEB9-F4650BB700AF}"
EndProject
Project("{FAE04EC0-301F-11D3-BF4B-00C04F79EFBC}") = "FilmEHistoryReviewBackend.Core.Tests", "test\FilmEHistoryReviewBackend.Core.Tests\FilmEHistoryReviewBackend.Core.Tests.csproj", "{DA42F552-E89C-4AEF-A347-3AC5DB8EFDEA}"
EndProject
Global
	GlobalSection(SolutionConfigurationPlatforms) = preSolution
		Debug|Any CPU = Debug|Any CPU
		Release|Any CPU = Release|Any CPU
	EndGlobalSection
	GlobalSection(SolutionProperties) = preSolution
		HideSolutionNode = FALSE
	EndGlobalSection
	GlobalSection(ProjectConfigurationPlatforms) = postSolution
		{2A367566-2589-4920-B17B-7847EBCA79CF}.Debug|Any CPU.ActiveCfg = Debug|Any CPU
		{2A367566-2589-4920-B17B-7847EBCA79CF}.Debug|Any CPU.Build.0 = Debug|Any CPU
		{2A367566-2589-4920-B17B-7847EBCA79CF}.Release|Any CPU.ActiveCfg = Release|Any CPU
		{2A367566-2589-4920-B17B-7847EBCA79CF}.Release|Any CPU.Build.0 = Release|Any CPU
		{DA42F552-E89C-4AEF-A347-3AC5DB8EFDEA}.Debug|Any CPU.ActiveCfg = Debug|Any CPU
		{DA42F552-E89C-4AEF-A347-3AC5DB8EFDEA}.Debug|Any CPU.Build.0 = Debug|Any CPU
		{DA42F552-E89C-4AEF-A347-3AC5DB8EFDEA}.Release|Any CPU.ActiveCfg = Release|Any CPU
		{DA42F552-E89C-4AEF-A347-3AC5DB8EFDEA}.Release|Any CPU.Build.0 = Release|Any CPU
	EndGlobalSection
	GlobalSection(NestedProjects) = preSolution
		{2A367566-2589-4920-B17B-7847EBCA79CF} = {6151C349-CF9D-4C71-BA4B-46087CC314C0}
		{DA42F552-E89C-4AEF-A347-3AC5DB8EFDEA} = {5BC5F89B-6A74-4CF7-AEB9-F4650BB700AF}
	EndGlobalSection
EndGlobal
